{
  "name": "hackthon-TGi-NET",
  "lockfileVersion": 3,
  "requires": true,
  "packages": {
    "": {
      "devDependencies": {
        "typescript": "^6.0.0-dev.20251004"
      }
    },
    "node_modules/typescript": {
      "version": "6.0.0-dev.20251004",
      "resolved": "https://registry.npmjs.org/typescript/-/typescript-6.0.0-dev.20251004.tgz",
      "integrity": "sha512-3llKaL8BQl6rUoK7GAwVEjvJm2weUfb9nq1ZEVGJ+6nZ7hH5GcgPp/VWry8w5pFds2NpPr8emzrY7QKS5SAPMg==",
      "dev": true,
      "license": "Apache-2.0",
      "bin": {
        "tsc": "bin/tsc",
        "tsserver": "bin/tsserver"
      },
      "engines": {
        "node": ">=14.17"
      }
    }
  }
}
